{
  "nodes": {
    "agenix": {
      "inputs": {
        "darwin": [
          "stub-flake"
        ],
        "home-manager": "home-manager",
        "nixpkgs": [
          "nixpkgs-unstable"
        ]
      },
      "locked": {
        "lastModified": 1701216516,
        "narHash": "sha256-jKSeJn+7hZ1dZdiH1L+NWUGT2i/BGomKAJ54B9kT06Q=",
        "owner": "ryantm",
        "repo": "agenix",
        "rev": "13ac9ac6d68b9a0896e3d43a082947233189e247",
        "type": "github"
      },
      "original": {
        "owner": "ryantm",
        "repo": "agenix",
        "type": "github"
      }
    },
    "base16": {
      "inputs": {
        "fromYaml": "fromYaml"
      },
      "locked": {
        "lastModified": 1691878844,
        "narHash": "sha256-NCV0asC77UARa5/TCJY9ksFvf7VndCSaap/aTEcDxBw=",
        "owner": "SenchoPens",
        "repo": "base16.nix",
        "rev": "def69d6edc32792562975aec863dbef757f832cf",
        "type": "github"
      },
      "original": {
        "owner": "SenchoPens",
        "repo": "base16.nix",
        "type": "github"
      }
    },
    "color_scheme": {
      "flake": false,
      "locked": {
        "lastModified": 1538613261,
        "narHash": "sha256-l0WzTUSvLgsL+ExcgdMzXoJnfVQvKr8Jk5uKI6Li8CU=",
        "owner": "ajlende",
        "repo": "base16-atlas-scheme",
        "rev": "55fe308a8d93a31c1bd55e80ff573b11511b6cf3",
        "type": "github"
      },
      "original": {
        "owner": "ajlende",
        "repo": "base16-atlas-scheme",
        "type": "github"
      }
    },
    "crane": {
      "inputs": {
        "nixpkgs": [
          "nixpkgs-unstable"
        ]
      },
      "locked": {
        "lastModified": 1701622587,
        "narHash": "sha256-o3XhxCCyrUHZ0tlta2W7/MuXzy+n0+BUt3rKFK3DIK4=",
        "owner": "ipetkov",
        "repo": "crane",
        "rev": "c09d2cbe84cc2adfe1943cb2a0b55a71c835ca9a",
        "type": "github"
      },
      "original": {
        "owner": "ipetkov",
        "repo": "crane",
        "type": "github"
      }
    },
    "crane_2": {
      "inputs": {
        "nixpkgs": [
          "xremap-flake",
          "nixpkgs"
        ]
      },
      "locked": {
        "lastModified": 1701386725,
        "narHash": "sha256-w4aBlMYh9Y8co1V80m5LzEKMijUJ7CBTq209WbqVwUU=",
        "owner": "ipetkov",
        "repo": "crane",
        "rev": "8b9bad9b30bd7a9ed08782e64846b7485f9d0a38",
        "type": "github"
      },
      "original": {
        "owner": "ipetkov",
        "repo": "crane",
        "type": "github"
      }
    },
    "data-flake": {
      "inputs": {
        "agenix": [
          "agenix"
        ],
        "devshell": [
          "devshell"
        ],
        "flake-parts": [
          "flake-parts"
        ],
        "my-flake-modules": [
          "my-flake-modules"
        ],
        "nixpkgs": [
          "nixpkgs-unstable"
        ],
        "nixpkgs-lib": [
          "nixpkgs-lib"
        ],
        "nixpkgs-stable": [
          "nixpkgs-stable"
        ],
        "nixpkgs-unstable": "nixpkgs-unstable",
        "pre-commit-hooks-nix": [
          "pre-commit-hooks-nix"
        ],
        "stub-flake": [
          "stub-flake"
        ],
        "treefmt-nix": [
          "treefmt-nix"
        ]
      },
      "locked": {
        "lastModified": 1702077946,
        "narHash": "sha256-Mt0jTQ4E718LhftTcFy7e9sf7ppUOg66i8c8XoHSh0M=",
        "ref": "refs/heads/master",
        "rev": "ed3c557acc880a35b9b25b450a418c84aaa83f99",
        "revCount": 52,
        "type": "git",
        "url": "ssh://gitea@gitea.srv.vtimofeenko.com/spacecadet/data-flake.git"
      },
      "original": {
        "type": "git",
        "url": "ssh://gitea@gitea.srv.vtimofeenko.com/spacecadet/data-flake.git"
      }
    },
    "deploy-rs": {
      "inputs": {
        "flake-compat": "flake-compat",
        "nixpkgs": "nixpkgs",
        "utils": "utils"
      },
      "locked": {
        "lastModified": 1698921442,
        "narHash": "sha256-7KmvhQ7FuXlT/wG4zjTssap6maVqeAMBdtel+VjClSM=",
        "owner": "serokell",
        "repo": "deploy-rs",
        "rev": "660180bbbeae7d60dad5a92b30858306945fd427",
        "type": "github"
      },
      "original": {
        "owner": "serokell",
        "repo": "deploy-rs",
        "type": "github"
      }
    },
    "devshell": {
      "inputs": {
        "nixpkgs": [
          "nixpkgs-unstable"
        ],
        "systems": "systems"
      },
      "locked": {
        "lastModified": 1701697687,
        "narHash": "sha256-dLLE5wQBVv+pIb4bWmKFSw2DvLVyuEk0F7ng6hpZPSU=",
        "owner": "numtide",
        "repo": "devshell",
        "rev": "c3bd77911391eb1638af6ce773de86da57ee6df5",
        "type": "github"
      },
      "original": {
        "owner": "numtide",
        "repo": "devshell",
        "type": "github"
      }
    },
    "devshell_2": {
      "inputs": {
        "nixpkgs": "nixpkgs_8",
        "systems": "systems_6"
      },
      "locked": {
        "lastModified": 1700815693,
        "narHash": "sha256-JtKZEQUzosrCwDsLgm+g6aqbP1aseUl1334OShEAS3s=",
        "owner": "numtide",
        "repo": "devshell",
        "rev": "7ad1c417c87e98e56dcef7ecd0e0a2f2e5669d51",
        "type": "github"
      },
      "original": {
        "owner": "numtide",
        "repo": "devshell",
        "type": "github"
      }
    },
    "dns-flake": {
      "inputs": {
        "flake-utils": [
          "private-config",
          "home-infrastructure",
          "flake-utils"
        ],
        "infra-hosts": [
          "private-config",
          "home-infrastructure",
          "infra-hosts"
        ],
        "nixpkgs": [
          "private-config",
          "home-infrastructure",
          "nixpkgs"
        ]
      },
      "locked": {
        "lastModified": 1673627071,
        "narHash": "sha256-1apD32/46axZAaAwl7tZFbIq3YPzTYjjLBKDI4y1PWU=",
        "ref": "refs/heads/master",
        "rev": "c1e08fbffc761bb6a6d08ca63a021f05b1ddcb85",
        "revCount": 86,
        "type": "git",
        "url": "ssh://gitea@gitea.srv.vtimofeenko.com/spacecadet/dns-flake.git"
      },
      "original": {
        "type": "git",
        "url": "ssh://gitea@gitea.srv.vtimofeenko.com/spacecadet/dns-flake.git"
      }
    },
    "flake-compat": {
      "flake": false,
      "locked": {
        "lastModified": 1668681692,
        "narHash": "sha256-Ht91NGdewz8IQLtWZ9LCeNXMSXHUss+9COoqu6JLmXU=",
        "owner": "edolstra",
        "repo": "flake-compat",
        "rev": "009399224d5e398d03b22badca40a37ac85412a1",
        "type": "github"
      },
      "original": {
        "owner": "edolstra",
        "repo": "flake-compat",
        "type": "github"
      }
    },
    "flake-compat_2": {
      "flake": false,
      "locked": {
        "lastModified": 1673956053,
        "narHash": "sha256-4gtG9iQuiKITOjNQQeQIpoIB6b16fm+504Ch3sNKLd8=",
        "owner": "edolstra",
        "repo": "flake-compat",
        "rev": "35bb57c0c8d8b62bbfd284272c928ceb64ddbde9",
        "type": "github"
      },
      "original": {
        "owner": "edolstra",
        "repo": "flake-compat",
        "type": "github"
      }
    },
    "flake-parts": {
      "inputs": {
        "nixpkgs-lib": [
          "nixpkgs-lib"
        ]
      },
      "locked": {
        "lastModified": 1701473968,
        "narHash": "sha256-YcVE5emp1qQ8ieHUnxt1wCZCC3ZfAS+SRRWZ2TMda7E=",
        "owner": "hercules-ci",
        "repo": "flake-parts",
        "rev": "34fed993f1674c8d06d58b37ce1e0fe5eebcb9f5",
        "type": "github"
      },
      "original": {
        "owner": "hercules-ci",
        "repo": "flake-parts",
        "type": "github"
      }
    },
    "flake-parts_2": {
      "inputs": {
        "nixpkgs-lib": "nixpkgs-lib_2"
      },
      "locked": {
        "lastModified": 1698882062,
        "narHash": "sha256-HkhafUayIqxXyHH1X8d9RDl1M2CkFgZLjKD3MzabiEo=",
        "owner": "hercules-ci",
        "repo": "flake-parts",
        "rev": "8c9fa2545007b49a5db5f650ae91f227672c3877",
        "type": "github"
      },
      "original": {
        "owner": "hercules-ci",
        "repo": "flake-parts",
        "type": "github"
      }
    },
    "flake-utils": {
      "inputs": {
        "systems": "systems_3"
      },
      "locked": {
        "lastModified": 1685518550,
        "narHash": "sha256-o2d0KcvaXzTrPRIo0kOLV0/QXHhDQ5DTi+OxcjO8xqY=",
        "owner": "numtide",
        "repo": "flake-utils",
        "rev": "a1720a10a6cfe8234c0e93907ffe81be440f4cef",
        "type": "github"
      },
      "original": {
        "owner": "numtide",
        "repo": "flake-utils",
        "type": "github"
      }
    },
    "flake-utils_2": {
      "inputs": {
        "systems": "systems_4"
      },
      "locked": {
        "lastModified": 1687171271,
        "narHash": "sha256-BJlq+ozK2B1sJDQXS3tzJM5a+oVZmi1q0FlBK/Xqv7M=",
        "owner": "numtide",
        "repo": "flake-utils",
        "rev": "abfb11bd1aec8ced1c9bb9adfe68018230f4fb3c",
        "type": "github"
      },
      "original": {
        "owner": "numtide",
        "repo": "flake-utils",
        "type": "github"
      }
    },
    "flake-utils_3": {
      "inputs": {
        "systems": "systems_5"
      },
      "locked": {
        "lastModified": 1681202837,
        "narHash": "sha256-H+Rh19JDwRtpVPAWp64F+rlEtxUWBAQW28eAi3SRSzg=",
        "owner": "numtide",
        "repo": "flake-utils",
        "rev": "cfacdce06f30d2b68473a46042957675eebb3401",
        "type": "github"
      },
      "original": {
        "owner": "numtide",
        "repo": "flake-utils",
        "type": "github"
      }
    },
    "fromYaml": {
      "flake": false,
      "locked": {
        "lastModified": 1689549921,
        "narHash": "sha256-iX0pk/uB019TdBGlaJEWvBCfydT6sRq+eDcGPifVsCM=",
        "owner": "SenchoPens",
        "repo": "fromYaml",
        "rev": "11fbbbfb32e3289d3c631e0134a23854e7865c84",
        "type": "github"
      },
      "original": {
        "owner": "SenchoPens",
        "repo": "fromYaml",
        "type": "github"
      }
    },
    "gitignore": {
      "inputs": {
        "nixpkgs": [
          "pre-commit-hooks-nix",
          "nixpkgs"
        ]
      },
      "locked": {
        "lastModified": 1660459072,
        "narHash": "sha256-8DFJjXG8zqoONA1vXtgeKXy68KdJL5UaXR8NtVMUbx8=",
        "owner": "hercules-ci",
        "repo": "gitignore.nix",
        "rev": "a20de23b925fd8264fd7fad6454652e142fd7f73",
        "type": "github"
      },
      "original": {
        "owner": "hercules-ci",
        "repo": "gitignore.nix",
        "type": "github"
      }
    },
    "home-infrastructure": {
      "inputs": {
        "agenix": [
          "private-config",
          "agenix"
        ],
        "deploy-rs": [
          "private-config",
          "stub-flake"
        ],
        "desktop-monorepo": [
          "private-config",
          "stub-flake"
        ],
        "dns-flake": "dns-flake",
        "docspell-flake": [
          "private-config",
          "stub-flake"
        ],
        "dsc": [
          "private-config",
          "stub-flake"
        ],
        "flake-utils": "flake-utils_2",
        "infra-hosts": "infra-hosts",
        "nixos-hardware": [
          "private-config",
          "stub-flake"
        ],
        "nixpkgs": "nixpkgs_5",
        "nixpkgs-terraform-providers-bin": [
          "private-config",
          "stub-flake"
        ],
        "terranix": [
          "private-config",
          "stub-flake"
        ],
        "wireguard-namespace": "wireguard-namespace"
      },
      "locked": {
        "lastModified": 1687200806,
        "narHash": "sha256-pNhZeYEhY11F9odGoKa2Y9vKV7IPJ+FmWu2FzeZPoJc=",
        "ref": "refs/heads/master",
        "rev": "41e99520068f8d40afb51e21404031e767f90b77",
        "revCount": 261,
        "type": "git",
        "url": "ssh://gitea@gitea.srv.vtimofeenko.com/spacecadet/home-infrastructure.git"
      },
      "original": {
        "rev": "41e99520068f8d40afb51e21404031e767f90b77",
        "type": "git",
        "url": "ssh://gitea@gitea.srv.vtimofeenko.com/spacecadet/home-infrastructure.git"
      }
    },
    "home-manager": {
      "inputs": {
        "nixpkgs": [
          "agenix",
          "nixpkgs"
        ]
      },
      "locked": {
        "lastModified": 1682203081,
        "narHash": "sha256-kRL4ejWDhi0zph/FpebFYhzqlOBrk0Pl3dzGEKSAlEw=",
        "owner": "nix-community",
        "repo": "home-manager",
        "rev": "32d3e39c491e2f91152c84f8ad8b003420eab0a1",
        "type": "github"
      },
      "original": {
        "owner": "nix-community",
        "repo": "home-manager",
        "type": "github"
      }
    },
    "home-manager_2": {
      "inputs": {
        "nixpkgs": "nixpkgs_2"
      },
      "locked": {
        "lastModified": 1700814205,
        "narHash": "sha256-lWqDPKHRbQfi+zNIivf031BUeyciVOtwCwTjyrhDB5g=",
        "owner": "rycee",
        "repo": "home-manager",
        "rev": "aeb2232d7a32530d3448318790534d196bf9427a",
        "type": "github"
      },
      "original": {
        "owner": "rycee",
        "ref": "release-23.11",
        "repo": "home-manager",
        "type": "github"
      }
    },
    "home-manager_3": {
      "inputs": {
        "nixpkgs": "nixpkgs_9"
      },
      "locked": {
        "lastModified": 1701071203,
        "narHash": "sha256-lQywA7QU/vzTdZ1apI0PfgCWNyQobXUYghVrR5zuIeM=",
        "owner": "nix-community",
        "repo": "home-manager",
        "rev": "db1878f013b52ba5e4034db7c1b63e8d04173a86",
        "type": "github"
      },
      "original": {
        "owner": "nix-community",
        "repo": "home-manager",
        "type": "github"
      }
    },
    "hostsBlockList": {
      "flake": false,
      "locked": {
        "narHash": "sha256-gI0rCrd1fbDxaWUUCo6aGk2/PLKFrhe4BosqEtsGkLE=",
        "type": "file",
        "url": "https://raw.githubusercontent.com/StevenBlack/hosts/master/hosts"
      },
      "original": {
        "type": "file",
        "url": "https://raw.githubusercontent.com/StevenBlack/hosts/master/hosts"
      }
    },
    "hyprland": {
      "inputs": {
        "hyprland-protocols": "hyprland-protocols",
        "nixpkgs": "nixpkgs_3",
        "systems": "systems_2",
        "wlroots": "wlroots",
        "xdph": "xdph"
      },
      "locked": {
        "lastModified": 1701661974,
        "narHash": "sha256-oq9CVdLjH70QmgA8FZTqC/rhzCJJRZKbg5Q2jA4xnVw=",
        "owner": "hyprwm",
        "repo": "Hyprland",
        "rev": "68783d904d850df65887adb1bab7eff59943c1ac",
        "type": "github"
      },
      "original": {
        "owner": "hyprwm",
        "repo": "Hyprland",
        "type": "github"
      }
    },
    "hyprland-protocols": {
      "inputs": {
        "nixpkgs": [
          "hyprland",
          "nixpkgs"
        ],
        "systems": [
          "hyprland",
          "systems"
        ]
      },
      "locked": {
        "lastModified": 1691753796,
        "narHash": "sha256-zOEwiWoXk3j3+EoF3ySUJmberFewWlagvewDRuWYAso=",
        "owner": "hyprwm",
        "repo": "hyprland-protocols",
        "rev": "0c2ce70625cb30aef199cb388f99e19a61a6ce03",
        "type": "github"
      },
      "original": {
        "owner": "hyprwm",
        "repo": "hyprland-protocols",
        "type": "github"
      }
    },
    "hyprland-protocols_2": {
      "inputs": {
        "nixpkgs": [
          "xremap-flake",
          "hyprland",
          "nixpkgs"
        ],
        "systems": [
          "xremap-flake",
          "hyprland",
          "systems"
        ]
      },
      "locked": {
        "lastModified": 1691753796,
        "narHash": "sha256-zOEwiWoXk3j3+EoF3ySUJmberFewWlagvewDRuWYAso=",
        "owner": "hyprwm",
        "repo": "hyprland-protocols",
        "rev": "0c2ce70625cb30aef199cb388f99e19a61a6ce03",
        "type": "github"
      },
      "original": {
        "owner": "hyprwm",
        "repo": "hyprland-protocols",
        "type": "github"
      }
    },
    "hyprland_2": {
      "inputs": {
        "hyprland-protocols": "hyprland-protocols_2",
        "nixpkgs": "nixpkgs_10",
        "systems": "systems_7",
        "wlroots": "wlroots_2",
        "xdph": "xdph_2"
      },
      "locked": {
        "lastModified": 1701370414,
        "narHash": "sha256-Q7A8BWWS1YndiNaAKM0IP73SGKJiQDfOdZAIdTLGNj8=",
        "owner": "hyprwm",
        "repo": "Hyprland",
        "rev": "b394c1695c05cf3b2133a473aa459d4cd750911b",
        "type": "github"
      },
      "original": {
        "owner": "hyprwm",
        "repo": "Hyprland",
        "type": "github"
      }
    },
    "infra": {
      "flake": false,
      "locked": {
        "lastModified": 1673627050,
        "narHash": "sha256-fleyUv4KUZpIrPUa4brdB7cUIo1tbfjJmRwsK6tB/QU=",
        "ref": "refs/heads/master",
        "rev": "355554884b5ee60be2f8aa28d10a2c26bc817f97",
        "revCount": 66,
        "type": "git",
        "url": "ssh://gitea@gitea.srv.vtimofeenko.com/spacecadet/infra-hosts.git"
      },
      "original": {
        "type": "git",
        "url": "ssh://gitea@gitea.srv.vtimofeenko.com/spacecadet/infra-hosts.git"
      }
    },
    "infra-hosts": {
      "flake": false,
      "locked": {
        "lastModified": 1673627050,
        "narHash": "sha256-fleyUv4KUZpIrPUa4brdB7cUIo1tbfjJmRwsK6tB/QU=",
        "ref": "refs/heads/master",
        "rev": "355554884b5ee60be2f8aa28d10a2c26bc817f97",
        "revCount": 66,
        "type": "git",
        "url": "ssh://gitea@gitea.srv.vtimofeenko.com/spacecadet/infra-hosts.git"
      },
      "original": {
        "type": "git",
        "url": "ssh://gitea@gitea.srv.vtimofeenko.com/spacecadet/infra-hosts.git"
      }
    },
    "kroki-src": {
      "flake": false,
      "locked": {
        "lastModified": 1675596325,
        "narHash": "sha256-wh/1pEmlMQNjOlCA25gq5bKEjb60Ei9JUoApsOBgSOc=",
        "owner": "yuzutech",
        "repo": "kroki-cli",
        "rev": "d923cdd8336257d0f19f2993c112853859f68607",
        "type": "github"
      },
      "original": {
        "owner": "yuzutech",
        "repo": "kroki-cli",
        "type": "github"
      }
    },
    "my-flake-modules": {
      "inputs": {
        "deploy-rs": [
          "deploy-rs"
        ],
        "devshell": [
          "devshell"
        ],
        "flake-parts": [
          "flake-parts"
        ],
        "nixpkgs": [
          "nixpkgs-unstable"
        ],
        "nixpkgs-lib": [
          "nixpkgs-lib"
        ],
        "nixpkgs-stable": [
          "nixpkgs-stable"
        ],
        "nixpkgs-unstable": [
          "nixpkgs-unstable"
        ],
        "pre-commit-hooks-nix": [
          "pre-commit-hooks-nix"
        ],
        "treefmt-nix": [
          "treefmt-nix"
        ]
      },
      "locked": {
        "lastModified": 1701398150,
        "narHash": "sha256-UGRIwoKjFESexWHpRpGL2oaXQkVZwSLFf46e2aOf24k=",
        "owner": "VTimofeenko",
        "repo": "flake-modules",
        "rev": "c794f6cfd6c192eca8b42c715bdfa43732955912",
        "type": "github"
      },
      "original": {
        "owner": "VTimofeenko",
        "repo": "flake-modules",
        "type": "github"
      }
    },
    "nixos-hardware": {
      "locked": {
        "lastModified": 1701656485,
        "narHash": "sha256-xDFormrGCKKGqngHa2Bz1GTeKlFMMjLnHhTDRdMJ1hs=",
        "owner": "NixOS",
        "repo": "nixos-hardware",
        "rev": "fa194fc484fd7270ab324bb985593f71102e84d1",
        "type": "github"
      },
      "original": {
        "owner": "NixOS",
        "ref": "master",
        "repo": "nixos-hardware",
        "type": "github"
      }
    },
    "nixpkgs": {
      "locked": {
        "lastModified": 1671417167,
        "narHash": "sha256-JkHam6WQOwZN1t2C2sbp1TqMv3TVRjzrdoejqfefwrM=",
        "owner": "NixOS",
        "repo": "nixpkgs",
        "rev": "bb31220cca6d044baa6dc2715b07497a2a7c4bc7",
        "type": "github"
      },
      "original": {
        "owner": "NixOS",
        "ref": "nixpkgs-unstable",
        "repo": "nixpkgs",
        "type": "github"
      }
    },
    "nixpkgs-lib": {
      "locked": {
        "dir": "lib",
        "lastModified": 1701436327,
        "narHash": "sha256-tRHbnoNI8SIM5O5xuxOmtSLnswEByzmnQcGGyNRjxsE=",
        "owner": "NixOS",
        "repo": "nixpkgs",
        "rev": "91050ea1e57e50388fa87a3302ba12d188ef723a",
        "type": "github"
      },
      "original": {
        "dir": "lib",
        "owner": "NixOS",
        "ref": "nixos-unstable",
        "repo": "nixpkgs",
        "type": "github"
      }
    },
    "nixpkgs-lib_2": {
      "locked": {
        "dir": "lib",
        "lastModified": 1698611440,
        "narHash": "sha256-jPjHjrerhYDy3q9+s5EAsuhyhuknNfowY6yt6pjn9pc=",
        "owner": "NixOS",
        "repo": "nixpkgs",
        "rev": "0cbe9f69c234a7700596e943bfae7ef27a31b735",
        "type": "github"
      },
      "original": {
        "dir": "lib",
        "owner": "NixOS",
        "ref": "nixos-unstable",
        "repo": "nixpkgs",
        "type": "github"
      }
    },
    "nixpkgs-stable": {
      "locked": {
        "lastModified": 1701626906,
        "narHash": "sha256-ugr1QyzzwNk505ICE4VMQzonHQ9QS5W33xF2FXzFQ00=",
        "owner": "NixOS",
        "repo": "nixpkgs",
        "rev": "0c6d8c783336a59f4c59d4a6daed6ab269c4b361",
        "type": "github"
      },
      "original": {
        "id": "nixpkgs",
        "type": "indirect"
      }
    },
    "nixpkgs-unstable": {
      "locked": {
        "lastModified": 1701253981,
        "narHash": "sha256-ztaDIyZ7HrTAfEEUt9AtTDNoCYxUdSd6NrRHaYOIxtk=",
        "owner": "NixOS",
        "repo": "nixpkgs",
        "rev": "e92039b55bcd58469325ded85d4f58dd5a4eaf58",
        "type": "github"
      },
      "original": {
        "id": "nixpkgs",
        "ref": "nixos-unstable",
        "type": "indirect"
      }
    },
    "nixpkgs-unstable_2": {
      "locked": {
        "lastModified": 1701436327,
        "narHash": "sha256-tRHbnoNI8SIM5O5xuxOmtSLnswEByzmnQcGGyNRjxsE=",
        "owner": "NixOS",
        "repo": "nixpkgs",
        "rev": "91050ea1e57e50388fa87a3302ba12d188ef723a",
        "type": "github"
      },
      "original": {
        "id": "nixpkgs",
        "ref": "nixos-unstable",
        "type": "indirect"
      }
    },
    "nixpkgs_10": {
      "locked": {
        "lastModified": 1700612854,
        "narHash": "sha256-yrQ8osMD+vDLGFX7pcwsY/Qr5PUd6OmDMYJZzZi0+zc=",
        "owner": "NixOS",
        "repo": "nixpkgs",
        "rev": "19cbff58383a4ae384dea4d1d0c823d72b49d614",
        "type": "github"
      },
      "original": {
        "owner": "NixOS",
        "ref": "nixos-unstable",
        "repo": "nixpkgs",
        "type": "github"
      }
    },
    "nixpkgs_11": {
      "locked": {
        "lastModified": 1701336116,
        "narHash": "sha256-kEmpezCR/FpITc6yMbAh4WrOCiT2zg5pSjnKrq51h5Y=",
        "owner": "NixOS",
        "repo": "nixpkgs",
        "rev": "f5c27c6136db4d76c30e533c20517df6864c46ee",
        "type": "github"
      },
      "original": {
        "owner": "NixOS",
        "ref": "nixpkgs-unstable",
        "repo": "nixpkgs",
        "type": "github"
      }
    },
    "nixpkgs_2": {
      "locked": {
        "lastModified": 1700204040,
        "narHash": "sha256-xSVcS5HBYnD3LTer7Y2K8ZQCDCXMa3QUD1MzRjHzuhI=",
        "owner": "NixOS",
        "repo": "nixpkgs",
        "rev": "c757e9bd77b16ca2e03c89bf8bc9ecb28e0c06ad",
        "type": "github"
      },
      "original": {
        "owner": "NixOS",
        "ref": "nixos-unstable",
        "repo": "nixpkgs",
        "type": "github"
      }
    },
    "nixpkgs_3": {
      "locked": {
        "lastModified": 1700612854,
        "narHash": "sha256-yrQ8osMD+vDLGFX7pcwsY/Qr5PUd6OmDMYJZzZi0+zc=",
        "owner": "NixOS",
        "repo": "nixpkgs",
        "rev": "19cbff58383a4ae384dea4d1d0c823d72b49d614",
        "type": "github"
      },
      "original": {
        "owner": "NixOS",
        "ref": "nixos-unstable",
        "repo": "nixpkgs",
        "type": "github"
      }
    },
    "nixpkgs_4": {
      "locked": {
        "lastModified": 1701539137,
        "narHash": "sha256-nVO/5QYpf1GwjvtpXhyxx5M3U/WN0MwBro4Lsk+9mL0=",
        "owner": "NixOS",
        "repo": "nixpkgs",
        "rev": "933d7dc155096e7575d207be6fb7792bc9f34f6d",
        "type": "github"
      },
      "original": {
        "id": "nixpkgs",
        "ref": "nixos-23.11",
        "type": "indirect"
      }
    },
    "nixpkgs_5": {
      "locked": {
        "lastModified": 1688392541,
        "narHash": "sha256-lHrKvEkCPTUO+7tPfjIcb7Trk6k31rz18vkyqmkeJfY=",
        "owner": "NixOS",
        "repo": "nixpkgs",
        "rev": "ea4c80b39be4c09702b0cb3b42eab59e2ba4f24b",
        "type": "github"
      },
      "original": {
        "id": "nixpkgs",
        "ref": "nixos-22.11",
        "type": "indirect"
      }
    },
    "nixpkgs_6": {
      "locked": {
        "lastModified": 1685290091,
        "narHash": "sha256-GGQYNZ7POoqPTtXgPOLUuSiHkOKFRWYpCoWUOSeSRoU=",
        "owner": "NixOS",
        "repo": "nixpkgs",
        "rev": "4e37b4e55b60fb7d43d2b62deb51032a489bcbe8",
        "type": "github"
      },
      "original": {
        "owner": "NixOS",
        "ref": "nixos-unstable",
        "repo": "nixpkgs",
        "type": "github"
      }
    },
    "nixpkgs_7": {
      "locked": {
        "lastModified": 1685377167,
        "narHash": "sha256-JK0lCFldX/1LaIFjoGtvDjJJDykqyFd+dHVUoDsgr4c=",
        "owner": "NixOS",
        "repo": "nixpkgs",
        "rev": "574100ab789d682d5ec194c819569c35ddc7a475",
        "type": "github"
      },
      "original": {
        "owner": "NixOS",
        "repo": "nixpkgs",
        "type": "github"
      }
    },
    "nixpkgs_8": {
      "locked": {
        "lastModified": 1677383253,
        "narHash": "sha256-UfpzWfSxkfXHnb4boXZNaKsAcUrZT9Hw+tao1oZxd08=",
        "owner": "NixOS",
        "repo": "nixpkgs",
        "rev": "9952d6bc395f5841262b006fbace8dd7e143b634",
        "type": "github"
      },
      "original": {
        "owner": "NixOS",
        "ref": "nixpkgs-unstable",
        "repo": "nixpkgs",
        "type": "github"
      }
    },
    "nixpkgs_9": {
      "locked": {
        "lastModified": 1700794826,
        "narHash": "sha256-RyJTnTNKhO0yqRpDISk03I/4A67/dp96YRxc86YOPgU=",
        "owner": "NixOS",
        "repo": "nixpkgs",
        "rev": "5a09cb4b393d58f9ed0d9ca1555016a8543c2ac8",
        "type": "github"
      },
      "original": {
        "owner": "NixOS",
        "ref": "nixos-unstable",
        "repo": "nixpkgs",
        "type": "github"
      }
    },
    "nur": {
      "locked": {
        "lastModified": 1701711234,
        "narHash": "sha256-BMlQOR7YVXsSeEfG9G6vQwzvD2qj3d5EbfC9P2lBfpE=",
        "owner": "nix-community",
        "repo": "NUR",
        "rev": "13a3297b67cdff85fc70131c0f9de91f4a2cc27e",
        "type": "github"
      },
      "original": {
        "owner": "nix-community",
        "repo": "NUR",
        "type": "github"
      }
    },
    "nvim-devdocs": {
      "flake": false,
      "locked": {
        "lastModified": 1701410476,
        "narHash": "sha256-sDKkEl7EbjaaN+RquSgtLpuwmzrzjHa8UHP2XhvE+TY=",
        "owner": "luckasRanarison",
        "repo": "nvim-devdocs",
        "rev": "738c5d2afa191c05b8016b7eb502e21ce89657ad",
        "type": "github"
      },
      "original": {
        "owner": "luckasRanarison",
        "repo": "nvim-devdocs",
        "type": "github"
      }
    },
    "poetry2nix": {
      "inputs": {
        "flake-utils": "flake-utils_3",
        "nixpkgs": "nixpkgs_7"
      },
      "locked": {
        "lastModified": 1685057602,
        "narHash": "sha256-9C2Zh1MOyu6hkyYhZOanwZ0utHxFMx2HS23OIjszYu0=",
        "owner": "nix-community",
        "repo": "poetry2nix",
        "rev": "6ad5ea833729b1c794f2b3ccb73f2413b80f4bb4",
        "type": "github"
      },
      "original": {
        "owner": "nix-community",
        "repo": "poetry2nix",
        "type": "github"
      }
    },
    "pre-commit-hooks-nix": {
      "inputs": {
        "flake-compat": "flake-compat_2",
        "flake-utils": "flake-utils",
        "gitignore": "gitignore",
        "nixpkgs": [
          "nixpkgs-unstable"
        ],
        "nixpkgs-stable": [
          "nixpkgs"
        ]
      },
      "locked": {
        "lastModified": 1700922917,
        "narHash": "sha256-ej2fch/T584b5K9sk1UhmZF7W6wEfDHuoUYpFN8dtvM=",
        "owner": "cachix",
        "repo": "pre-commit-hooks.nix",
        "rev": "e5ee5c5f3844550c01d2131096c7271cec5e9b78",
        "type": "github"
      },
      "original": {
        "owner": "cachix",
        "repo": "pre-commit-hooks.nix",
        "type": "github"
      }
    },
    "private-config": {
      "inputs": {
        "agenix": [
          "agenix"
        ],
        "home-infrastructure": "home-infrastructure",
        "nixpkgs": [
          "nixpkgs"
        ],
        "stub-flake": "stub-flake"
      },
      "locked": {
        "lastModified": 1702077668,
        "narHash": "sha256-eGdIGSRqIkesMjGBaaYFuwQf8EViVCInz6MU3CrK3TY=",
        "ref": "refs/heads/master",
        "rev": "ec9bfd4398c8d09a7b373139449ef67b4981368d",
        "revCount": 107,
        "type": "git",
        "url": "ssh://gitea@gitea.srv.vtimofeenko.com/spacecadet/private-flake.git"
      },
      "original": {
        "type": "git",
        "url": "ssh://gitea@gitea.srv.vtimofeenko.com/spacecadet/private-flake.git"
      }
    },
    "pyprland": {
      "inputs": {
        "devshell": [
          "devshell"
        ],
        "flake-parts": [
          "flake-parts"
        ],
        "nixpkgs": "nixpkgs_6",
        "poetry2nix": "poetry2nix"
      },
      "locked": {
        "lastModified": 1685403640,
        "narHash": "sha256-hexshzsnuYr6SjNjyZ/DUHcRZHqXt1w04+/YOn7VSo4=",
        "owner": "VTimofeenko",
        "repo": "pyprland",
        "rev": "d9fa7d19d466d8e7e829c437e6acc7c68f5b9e62",
        "type": "github"
      },
      "original": {
        "owner": "VTimofeenko",
        "ref": "nix",
        "repo": "pyprland",
        "type": "github"
      }
    },
    "root": {
      "inputs": {
        "agenix": "agenix",
        "base16": "base16",
        "color_scheme": "color_scheme",
        "crane": "crane",
        "data-flake": "data-flake",
        "deploy-rs": "deploy-rs",
        "devshell": "devshell",
        "flake-parts": "flake-parts",
        "home-manager": "home-manager_2",
        "hostsBlockList": "hostsBlockList",
        "hyprland": "hyprland",
        "infra": "infra",
        "kroki-src": "kroki-src",
        "my-flake-modules": "my-flake-modules",
        "nixos-hardware": "nixos-hardware",
        "nixpkgs": "nixpkgs_4",
        "nixpkgs-lib": "nixpkgs-lib",
        "nixpkgs-stable": "nixpkgs-stable",
        "nixpkgs-unstable": "nixpkgs-unstable_2",
        "nur": "nur",
        "nvim-devdocs": "nvim-devdocs",
        "pre-commit-hooks-nix": "pre-commit-hooks-nix",
        "private-config": "private-config",
        "pyprland": "pyprland",
        "stub-flake": "stub-flake_2",
        "treefmt-nix": "treefmt-nix",
        "vim-scratch-plugin": "vim-scratch-plugin",
        "wg-namespace-flake": "wg-namespace-flake",
        "xremap-flake": "xremap-flake"
      }
    },
    "stub-flake": {
      "locked": {
        "lastModified": 1677781423,
        "narHash": "sha256-5hb6uwA0qAVX1eecvREfcNE/2GYOLX46DESkdDGTQ5M=",
        "owner": "VTimofeenko",
        "repo": "stub-flake",
        "rev": "3e1fa12a63d4732caf8d6a5b7d25a2b8230bdcc6",
        "type": "github"
      },
      "original": {
        "owner": "VTimofeenko",
        "repo": "stub-flake",
        "type": "github"
      }
    },
    "stub-flake_2": {
      "locked": {
        "lastModified": 1677781423,
        "narHash": "sha256-5hb6uwA0qAVX1eecvREfcNE/2GYOLX46DESkdDGTQ5M=",
        "owner": "VTimofeenko",
        "repo": "stub-flake",
        "rev": "3e1fa12a63d4732caf8d6a5b7d25a2b8230bdcc6",
        "type": "github"
      },
      "original": {
        "owner": "VTimofeenko",
        "repo": "stub-flake",
        "type": "github"
      }
    },
    "systems": {
      "locked": {
        "lastModified": 1681028828,
        "narHash": "sha256-Vy1rq5AaRuLzOxct8nz4T6wlgyUR7zLU309k9mBC768=",
        "owner": "nix-systems",
        "repo": "default",
        "rev": "da67096a3b9bf56a91d16901293e51ba5b49a27e",
        "type": "github"
      },
      "original": {
        "owner": "nix-systems",
        "repo": "default",
        "type": "github"
      }
    },
    "systems_2": {
      "locked": {
        "lastModified": 1689347949,
        "narHash": "sha256-12tWmuL2zgBgZkdoB6qXZsgJEH9LR3oUgpaQq2RbI80=",
        "owner": "nix-systems",
        "repo": "default-linux",
        "rev": "31732fcf5e8fea42e59c2488ad31a0e651500f68",
        "type": "github"
      },
      "original": {
        "owner": "nix-systems",
        "repo": "default-linux",
        "type": "github"
      }
    },
    "systems_3": {
      "locked": {
        "lastModified": 1681028828,
        "narHash": "sha256-Vy1rq5AaRuLzOxct8nz4T6wlgyUR7zLU309k9mBC768=",
        "owner": "nix-systems",
        "repo": "default",
        "rev": "da67096a3b9bf56a91d16901293e51ba5b49a27e",
        "type": "github"
      },
      "original": {
        "owner": "nix-systems",
        "repo": "default",
        "type": "github"
      }
    },
    "systems_4": {
      "locked": {
        "lastModified": 1681028828,
        "narHash": "sha256-Vy1rq5AaRuLzOxct8nz4T6wlgyUR7zLU309k9mBC768=",
        "owner": "nix-systems",
        "repo": "default",
        "rev": "da67096a3b9bf56a91d16901293e51ba5b49a27e",
        "type": "github"
      },
      "original": {
        "owner": "nix-systems",
        "repo": "default",
        "type": "github"
      }
    },
    "systems_5": {
      "locked": {
        "lastModified": 1681028828,
        "narHash": "sha256-Vy1rq5AaRuLzOxct8nz4T6wlgyUR7zLU309k9mBC768=",
        "owner": "nix-systems",
        "repo": "default",
        "rev": "da67096a3b9bf56a91d16901293e51ba5b49a27e",
        "type": "github"
      },
      "original": {
        "owner": "nix-systems",
        "repo": "default",
        "type": "github"
      }
    },
    "systems_6": {
      "locked": {
        "lastModified": 1681028828,
        "narHash": "sha256-Vy1rq5AaRuLzOxct8nz4T6wlgyUR7zLU309k9mBC768=",
        "owner": "nix-systems",
        "repo": "default",
        "rev": "da67096a3b9bf56a91d16901293e51ba5b49a27e",
        "type": "github"
      },
      "original": {
        "owner": "nix-systems",
        "repo": "default",
        "type": "github"
      }
    },
    "systems_7": {
      "locked": {
        "lastModified": 1689347949,
        "narHash": "sha256-12tWmuL2zgBgZkdoB6qXZsgJEH9LR3oUgpaQq2RbI80=",
        "owner": "nix-systems",
        "repo": "default-linux",
        "rev": "31732fcf5e8fea42e59c2488ad31a0e651500f68",
        "type": "github"
      },
      "original": {
        "owner": "nix-systems",
        "repo": "default-linux",
        "type": "github"
      }
    },
    "treefmt-nix": {
      "inputs": {
        "nixpkgs": [
          "nixpkgs-unstable"
        ]
      },
      "locked": {
        "lastModified": 1700770576,
        "narHash": "sha256-iMil7JV2VUvnGeNldj7dkhCFiNFtTqWsleTgnkBJerE=",
        "owner": "VTimofeenko",
        "repo": "treefmt-nix",
        "rev": "4699b5ada3fd0b0222b83eec90ec9ebcdf2a6ea3",
        "type": "github"
      },
      "original": {
        "owner": "VTimofeenko",
        "ref": "nickel-syntax-fix",
        "repo": "treefmt-nix",
        "type": "github"
      }
    },
    "utils": {
      "locked": {
        "lastModified": 1667395993,
        "narHash": "sha256-nuEHfE/LcWyuSWnS8t12N1wc105Qtau+/OdUAjtQ0rA=",
        "owner": "numtide",
        "repo": "flake-utils",
        "rev": "5aed5285a952e0b949eb3ba02c12fa4fcfef535f",
        "type": "github"
      },
      "original": {
        "owner": "numtide",
        "repo": "flake-utils",
        "type": "github"
      }
    },
    "vim-scratch-plugin": {
      "flake": false,
      "locked": {
        "lastModified": 1620018304,
        "narHash": "sha256-P8SuMZKckMu+9AUI89X8+ymJvJhlsbT7UR7XjnWwwz8=",
        "owner": "mtth",
        "repo": "scratch.vim",
        "rev": "adf826b1ac067cdb4168cb6066431cff3a2d37a3",
        "type": "github"
      },
      "original": {
        "owner": "mtth",
        "repo": "scratch.vim",
        "type": "github"
      }
    },
    "wg-namespace-flake": {
      "inputs": {
        "nixpkgs": [
          "nixpkgs"
        ]
      },
      "locked": {
        "lastModified": 1668060489,
        "narHash": "sha256-8GLPHJV0iMS8d4lEUP+v4p2IqRKGWDJwsP96+mm0fHw=",
        "ref": "refs/heads/master",
        "rev": "956d80aae5f7871bdcfa3946c175985c211d8498",
        "revCount": 12,
        "type": "git",
        "url": "ssh://gitea@gitea.srv.vtimofeenko.com/spacecadet/wireguard-namespace-flake.git"
      },
      "original": {
        "type": "git",
        "url": "ssh://gitea@gitea.srv.vtimofeenko.com/spacecadet/wireguard-namespace-flake.git"
      }
    },
    "wireguard-namespace": {
      "inputs": {
        "nixpkgs": [
          "private-config",
          "home-infrastructure",
          "nixpkgs"
        ]
      },
      "locked": {
        "lastModified": 1668060489,
        "narHash": "sha256-8GLPHJV0iMS8d4lEUP+v4p2IqRKGWDJwsP96+mm0fHw=",
        "ref": "refs/heads/master",
        "rev": "956d80aae5f7871bdcfa3946c175985c211d8498",
        "revCount": 12,
        "type": "git",
        "url": "ssh://gitea@gitea.srv.vtimofeenko.com/spacecadet/wireguard-namespace-flake.git"
      },
      "original": {
        "type": "git",
        "url": "ssh://gitea@gitea.srv.vtimofeenko.com/spacecadet/wireguard-namespace-flake.git"
      }
    },
    "wlroots": {
      "flake": false,
      "locked": {
        "host": "gitlab.freedesktop.org",
        "lastModified": 1701368958,
        "narHash": "sha256-7kvyoA91etzVEl9mkA/EJfB6z/PltxX7Xc4gcr7/xlo=",
        "owner": "wlroots",
        "repo": "wlroots",
        "rev": "5d639394f3e83b01596dcd166a44a9a1a2583350",
        "type": "gitlab"
      },
      "original": {
        "host": "gitlab.freedesktop.org",
        "owner": "wlroots",
        "repo": "wlroots",
        "rev": "5d639394f3e83b01596dcd166a44a9a1a2583350",
        "type": "gitlab"
      }
    },
    "wlroots_2": {
      "flake": false,
      "locked": {
        "host": "gitlab.freedesktop.org",
        "lastModified": 1701368958,
        "narHash": "sha256-7kvyoA91etzVEl9mkA/EJfB6z/PltxX7Xc4gcr7/xlo=",
        "owner": "wlroots",
        "repo": "wlroots",
        "rev": "5d639394f3e83b01596dcd166a44a9a1a2583350",
        "type": "gitlab"
      },
      "original": {
        "host": "gitlab.freedesktop.org",
        "owner": "wlroots",
        "repo": "wlroots",
        "rev": "5d639394f3e83b01596dcd166a44a9a1a2583350",
        "type": "gitlab"
      }
    },
    "xdph": {
      "inputs": {
        "hyprland-protocols": [
          "hyprland",
          "hyprland-protocols"
        ],
        "nixpkgs": [
          "hyprland",
          "nixpkgs"
        ],
        "systems": [
          "hyprland",
          "systems"
        ]
      },
      "locked": {
        "lastModified": 1700508250,
        "narHash": "sha256-X4o/mifI7Nhu0UKYlxx53wIC+gYDo3pVM9L2u3PE2bE=",
        "owner": "hyprwm",
        "repo": "xdg-desktop-portal-hyprland",
        "rev": "eb120ff25265ecacd0fc13d7dab12131b60d0f47",
        "type": "github"
      },
      "original": {
        "owner": "hyprwm",
        "repo": "xdg-desktop-portal-hyprland",
        "type": "github"
      }
    },
    "xdph_2": {
      "inputs": {
        "hyprland-protocols": [
          "xremap-flake",
          "hyprland",
          "hyprland-protocols"
        ],
        "nixpkgs": [
          "xremap-flake",
          "hyprland",
          "nixpkgs"
        ],
        "systems": [
          "xremap-flake",
          "hyprland",
          "systems"
        ]
      },
      "locked": {
        "lastModified": 1700508250,
        "narHash": "sha256-X4o/mifI7Nhu0UKYlxx53wIC+gYDo3pVM9L2u3PE2bE=",
        "owner": "hyprwm",
        "repo": "xdg-desktop-portal-hyprland",
        "rev": "eb120ff25265ecacd0fc13d7dab12131b60d0f47",
        "type": "github"
      },
      "original": {
        "owner": "hyprwm",
        "repo": "xdg-desktop-portal-hyprland",
        "type": "github"
      }
    },
    "xremap": {
      "flake": false,
      "locked": {
        "lastModified": 1701234505,
        "narHash": "sha256-7k6GsKDUBvhKL9JU/QkWO+IHvhaty1udOYP8fXKr9QY=",
        "owner": "k0kubun",
        "repo": "xremap",
        "rev": "97268d1d92d94609daddff1230c4ca77d54a84dd",
        "type": "github"
      },
      "original": {
        "owner": "k0kubun",
        "ref": "v0.8.12",
        "repo": "xremap",
        "type": "github"
      }
    },
    "xremap-flake": {
      "inputs": {
        "crane": "crane_2",
        "devshell": "devshell_2",
        "flake-parts": "flake-parts_2",
        "home-manager": "home-manager_3",
        "hyprland": "hyprland_2",
        "nixpkgs": "nixpkgs_11",
        "xremap": "xremap"
      },
      "locked": {
        "lastModified": 1701710825,
        "narHash": "sha256-OJGTrT65nVBEmV2s+Ub+zvZjkB2R81FK9gaDjeK3DpI=",
        "owner": "xremap",
        "repo": "nix-flake",
        "rev": "1bfd36324ab48427a563b2c60e209db09202e000",
        "type": "github"
      },
      "original": {
        "owner": "xremap",
        "repo": "nix-flake",
        "type": "github"
      }
    }
  },
  "root": "root",
  "version": 7
}
