{
  "nodes": {
    "agenix": {
      "inputs": {
        "darwin": [
          "stub-flake"
        ],
        "home-manager": [
          "home-manager"
        ],
        "nixpkgs": [
          "nixpkgs-unstable"
        ],
        "systems": "systems"
      },
      "locked": {
        "lastModified": 1707830867,
        "narHash": "sha256-PAdwm5QqdlwIqGrfzzvzZubM+FXtilekQ/FA0cI49/o=",
        "owner": "ryantm",
        "repo": "agenix",
        "rev": "8cb01a0e717311680e0cbca06a76cbceba6f3ed6",
        "type": "github"
      },
      "original": {
        "owner": "ryantm",
        "repo": "agenix",
        "type": "github"
      }
    },
    "base16": {
      "inputs": {
        "fromYaml": "fromYaml"
      },
      "locked": {
        "lastModified": 1709025227,
        "narHash": "sha256-KXcORItjYJTdEO/BlBd0Uym1Xa3eBu43uvpFiWjJOdY=",
        "owner": "SenchoPens",
        "repo": "base16.nix",
        "rev": "4e9b16c8b44958bc6bf46d99c3bb1b59c9c9c764",
        "type": "github"
      },
      "original": {
        "owner": "SenchoPens",
        "repo": "base16.nix",
        "type": "github"
      }
    },
    "color_scheme": {
      "flake": false,
      "locked": {
        "lastModified": 1538613261,
        "narHash": "sha256-l0WzTUSvLgsL+ExcgdMzXoJnfVQvKr8Jk5uKI6Li8CU=",
        "owner": "ajlende",
        "repo": "base16-atlas-scheme",
        "rev": "55fe308a8d93a31c1bd55e80ff573b11511b6cf3",
        "type": "github"
      },
      "original": {
        "owner": "ajlende",
        "repo": "base16-atlas-scheme",
        "type": "github"
      }
    },
    "crane": {
      "inputs": {
        "nixpkgs": [
          "nixpkgs-unstable"
        ]
      },
      "locked": {
        "lastModified": 1709485267,
        "narHash": "sha256-bunOdYTK9YNiy+u0D6YN8q40oAeHoQ+9EgoatF3InJ8=",
        "owner": "ipetkov",
        "repo": "crane",
        "rev": "e4a71521a8eafc07524c55326ecc4ea942b06e25",
        "type": "github"
      },
      "original": {
        "owner": "ipetkov",
        "repo": "crane",
        "type": "github"
      }
    },
    "crane_2": {
      "inputs": {
        "nixpkgs": [
          "xremap-flake",
          "nixpkgs"
        ]
      },
      "locked": {
        "lastModified": 1701386725,
        "narHash": "sha256-w4aBlMYh9Y8co1V80m5LzEKMijUJ7CBTq209WbqVwUU=",
        "owner": "ipetkov",
        "repo": "crane",
        "rev": "8b9bad9b30bd7a9ed08782e64846b7485f9d0a38",
        "type": "github"
      },
      "original": {
        "owner": "ipetkov",
        "repo": "crane",
        "type": "github"
      }
    },
    "data-flake": {
      "inputs": {
        "agenix": [
          "agenix"
        ],
        "devshell": [
          "devshell"
        ],
        "flake-parts": [
          "flake-parts"
        ],
        "my-flake-modules": [
          "my-flake-modules"
        ],
        "nixpkgs": [
          "nixpkgs-unstable"
        ],
        "nixpkgs-lib": [
          "nixpkgs-lib"
        ],
        "nixpkgs-stable": [
          "nixpkgs-stable"
        ],
        "nixpkgs-unstable": [
          "nixpkgs-unstable"
        ],
        "pre-commit-hooks-nix": [
          "pre-commit-hooks-nix"
        ],
        "stub-flake": [
          "stub-flake"
        ],
        "treefmt-nix": [
          "treefmt-nix"
        ],
        "wg-namespace-flake": "wg-namespace-flake"
      },
      "locked": {
        "lastModified": 1709603453,
        "narHash": "sha256-Nfwu1iwI89HyILwdwm31ncPsaU9lD6wjBLsSwsTvoL8=",
        "ref": "refs/heads/master",
        "rev": "4ba0ea1ae88503f7f90da5e03a4ba807eac9015d",
        "revCount": 228,
        "type": "git",
        "url": "ssh://gitea@gitea.srv.vtimofeenko.com/spacecadet/data-flake.git"
      },
      "original": {
        "type": "git",
        "url": "ssh://gitea@gitea.srv.vtimofeenko.com/spacecadet/data-flake.git"
      }
    },
    "deploy-rs": {
      "inputs": {
        "flake-compat": "flake-compat",
        "nixpkgs": "nixpkgs",
        "utils": "utils"
      },
      "locked": {
        "lastModified": 1708091384,
        "narHash": "sha256-dTGGw2y8wvfjr+J9CjQbfdulOq72hUG17HXVNxpH1yE=",
        "owner": "serokell",
        "repo": "deploy-rs",
        "rev": "0a0187794ac7f7a1e62cda3dabf8dc041f868790",
        "type": "github"
      },
      "original": {
        "owner": "serokell",
        "repo": "deploy-rs",
        "type": "github"
      }
    },
    "devshell": {
      "inputs": {
        "flake-utils": "flake-utils",
        "nixpkgs": [
          "nixpkgs-unstable"
        ]
      },
      "locked": {
        "lastModified": 1708939976,
        "narHash": "sha256-O5+nFozxz2Vubpdl1YZtPrilcIXPcRAjqNdNE8oCRoA=",
        "owner": "numtide",
        "repo": "devshell",
        "rev": "5ddecd67edbd568ebe0a55905273e56cc82aabe3",
        "type": "github"
      },
      "original": {
        "owner": "numtide",
        "repo": "devshell",
        "type": "github"
      }
    },
    "devshell_2": {
      "inputs": {
        "nixpkgs": "nixpkgs_9",
        "systems": "systems_8"
      },
      "locked": {
        "lastModified": 1700815693,
        "narHash": "sha256-JtKZEQUzosrCwDsLgm+g6aqbP1aseUl1334OShEAS3s=",
        "owner": "numtide",
        "repo": "devshell",
        "rev": "7ad1c417c87e98e56dcef7ecd0e0a2f2e5669d51",
        "type": "github"
      },
      "original": {
        "owner": "numtide",
        "repo": "devshell",
        "type": "github"
      }
    },
    "disko": {
      "inputs": {
        "nixpkgs": [
          "nixpkgs-unstable"
        ]
      },
      "locked": {
        "lastModified": 1709439398,
        "narHash": "sha256-MW0zp3ta7SvdpjvhVCbtP20ewRwQZX2vRFn14gTc4Kg=",
        "owner": "nix-community",
        "repo": "disko",
        "rev": "1f76b318aa11170c8ca8c225a9b4c458a5fcbb57",
        "type": "github"
      },
      "original": {
        "owner": "nix-community",
        "repo": "disko",
        "type": "github"
      }
    },
    "docspell-flake": {
      "inputs": {
        "nixpkgs": [
          "nixpkgs-stable"
        ]
      },
      "locked": {
        "dir": "nix",
        "lastModified": 1709488333,
        "narHash": "sha256-u9EmH2mKny6MZAz0alexxsfqoBUHLdIGXIlnblrq1Dg=",
        "owner": "eikek",
        "repo": "docspell",
        "rev": "551f96dd21c9bdb1de6c2d4271d31862b2b9a0c2",
        "type": "github"
      },
      "original": {
        "dir": "nix",
        "owner": "eikek",
        "repo": "docspell",
        "type": "github"
      }
    },
    "flake-compat": {
      "flake": false,
      "locked": {
        "lastModified": 1696426674,
        "narHash": "sha256-kvjfFW7WAETZlt09AgDn1MrtKzP7t90Vf7vypd3OL1U=",
        "owner": "edolstra",
        "repo": "flake-compat",
        "rev": "0f9255e01c2351cc7d116c072cb317785dd33b33",
        "type": "github"
      },
      "original": {
        "owner": "edolstra",
        "repo": "flake-compat",
        "type": "github"
      }
    },
    "flake-compat_2": {
      "flake": false,
      "locked": {
        "lastModified": 1696426674,
        "narHash": "sha256-kvjfFW7WAETZlt09AgDn1MrtKzP7t90Vf7vypd3OL1U=",
        "owner": "edolstra",
        "repo": "flake-compat",
        "rev": "0f9255e01c2351cc7d116c072cb317785dd33b33",
        "type": "github"
      },
      "original": {
        "owner": "edolstra",
        "repo": "flake-compat",
        "type": "github"
      }
    },
    "flake-compat_3": {
      "flake": false,
      "locked": {
        "lastModified": 1696426674,
        "narHash": "sha256-kvjfFW7WAETZlt09AgDn1MrtKzP7t90Vf7vypd3OL1U=",
        "owner": "edolstra",
        "repo": "flake-compat",
        "rev": "0f9255e01c2351cc7d116c072cb317785dd33b33",
        "type": "github"
      },
      "original": {
        "owner": "edolstra",
        "repo": "flake-compat",
        "type": "github"
      }
    },
    "flake-parts": {
      "inputs": {
        "nixpkgs-lib": [
          "nixpkgs-lib"
        ]
      },
      "locked": {
        "lastModified": 1709336216,
        "narHash": "sha256-Dt/wOWeW6Sqm11Yh+2+t0dfEWxoMxGBvv3JpIocFl9E=",
        "owner": "hercules-ci",
        "repo": "flake-parts",
        "rev": "f7b3c975cf067e56e7cda6cb098ebe3fb4d74ca2",
        "type": "github"
      },
      "original": {
        "owner": "hercules-ci",
        "repo": "flake-parts",
        "type": "github"
      }
    },
    "flake-parts_2": {
      "inputs": {
        "nixpkgs-lib": [
          "nvim-nightly",
          "nixpkgs"
        ]
      },
      "locked": {
        "lastModified": 1709336216,
        "narHash": "sha256-Dt/wOWeW6Sqm11Yh+2+t0dfEWxoMxGBvv3JpIocFl9E=",
        "owner": "hercules-ci",
        "repo": "flake-parts",
        "rev": "f7b3c975cf067e56e7cda6cb098ebe3fb4d74ca2",
        "type": "github"
      },
      "original": {
        "owner": "hercules-ci",
        "repo": "flake-parts",
        "type": "github"
      }
    },
    "flake-parts_3": {
      "inputs": {
        "nixpkgs-lib": [
          "nvim-nightly",
          "hercules-ci-effects",
          "nixpkgs"
        ]
      },
      "locked": {
        "lastModified": 1701473968,
        "narHash": "sha256-YcVE5emp1qQ8ieHUnxt1wCZCC3ZfAS+SRRWZ2TMda7E=",
        "owner": "hercules-ci",
        "repo": "flake-parts",
        "rev": "34fed993f1674c8d06d58b37ce1e0fe5eebcb9f5",
        "type": "github"
      },
      "original": {
        "id": "flake-parts",
        "type": "indirect"
      }
    },
    "flake-parts_4": {
      "inputs": {
        "nixpkgs-lib": "nixpkgs-lib_2"
      },
      "locked": {
        "lastModified": 1698882062,
        "narHash": "sha256-HkhafUayIqxXyHH1X8d9RDl1M2CkFgZLjKD3MzabiEo=",
        "owner": "hercules-ci",
        "repo": "flake-parts",
        "rev": "8c9fa2545007b49a5db5f650ae91f227672c3877",
        "type": "github"
      },
      "original": {
        "owner": "hercules-ci",
        "repo": "flake-parts",
        "type": "github"
      }
    },
    "flake-utils": {
      "inputs": {
        "systems": "systems_3"
      },
      "locked": {
        "lastModified": 1701680307,
        "narHash": "sha256-kAuep2h5ajznlPMD9rnQyffWG8EM/C73lejGofXvdM8=",
        "owner": "numtide",
        "repo": "flake-utils",
        "rev": "4022d587cbbfd70fe950c1e2083a02621806a725",
        "type": "github"
      },
      "original": {
        "owner": "numtide",
        "repo": "flake-utils",
        "type": "github"
      }
    },
    "flake-utils_2": {
      "inputs": {
        "systems": "systems_5"
      },
      "locked": {
        "lastModified": 1701680307,
        "narHash": "sha256-kAuep2h5ajznlPMD9rnQyffWG8EM/C73lejGofXvdM8=",
        "owner": "numtide",
        "repo": "flake-utils",
        "rev": "4022d587cbbfd70fe950c1e2083a02621806a725",
        "type": "github"
      },
      "original": {
        "owner": "numtide",
        "repo": "flake-utils",
        "type": "github"
      }
    },
    "flake-utils_3": {
      "inputs": {
        "systems": "systems_6"
      },
      "locked": {
        "lastModified": 1701680307,
        "narHash": "sha256-kAuep2h5ajznlPMD9rnQyffWG8EM/C73lejGofXvdM8=",
        "owner": "numtide",
        "repo": "flake-utils",
        "rev": "4022d587cbbfd70fe950c1e2083a02621806a725",
        "type": "github"
      },
      "original": {
        "owner": "numtide",
        "repo": "flake-utils",
        "type": "github"
      }
    },
    "flake-utils_4": {
      "inputs": {
        "systems": "systems_7"
      },
      "locked": {
        "lastModified": 1681202837,
        "narHash": "sha256-H+Rh19JDwRtpVPAWp64F+rlEtxUWBAQW28eAi3SRSzg=",
        "owner": "numtide",
        "repo": "flake-utils",
        "rev": "cfacdce06f30d2b68473a46042957675eebb3401",
        "type": "github"
      },
      "original": {
        "owner": "numtide",
        "repo": "flake-utils",
        "type": "github"
      }
    },
    "fromYaml": {
      "flake": false,
      "locked": {
        "lastModified": 1689549921,
        "narHash": "sha256-iX0pk/uB019TdBGlaJEWvBCfydT6sRq+eDcGPifVsCM=",
        "owner": "SenchoPens",
        "repo": "fromYaml",
        "rev": "11fbbbfb32e3289d3c631e0134a23854e7865c84",
        "type": "github"
      },
      "original": {
        "owner": "SenchoPens",
        "repo": "fromYaml",
        "type": "github"
      }
    },
    "gitignore": {
      "inputs": {
        "nixpkgs": [
          "pre-commit-hooks-nix",
          "nixpkgs"
        ]
      },
      "locked": {
        "lastModified": 1703887061,
        "narHash": "sha256-gGPa9qWNc6eCXT/+Z5/zMkyYOuRZqeFZBDbopNZQkuY=",
        "owner": "hercules-ci",
        "repo": "gitignore.nix",
        "rev": "43e1aa1308018f37118e34d3a9cb4f5e75dc11d5",
        "type": "github"
      },
      "original": {
        "owner": "hercules-ci",
        "repo": "gitignore.nix",
        "type": "github"
      }
    },
    "hercules-ci-effects": {
      "inputs": {
        "flake-parts": "flake-parts_3",
        "nixpkgs": [
          "nvim-nightly",
          "nixpkgs"
        ]
      },
      "locked": {
        "lastModified": 1708547820,
        "narHash": "sha256-xU/KC1PWqq5zL9dQ9wYhcdgxAwdeF/dJCLPH3PNZEBg=",
        "owner": "hercules-ci",
        "repo": "hercules-ci-effects",
        "rev": "0ca27bd58e4d5be3135a4bef66b582e57abe8f4a",
        "type": "github"
      },
      "original": {
        "owner": "hercules-ci",
        "repo": "hercules-ci-effects",
        "type": "github"
      }
    },
    "home-manager": {
      "inputs": {
        "nixpkgs": "nixpkgs_2"
      },
      "locked": {
        "lastModified": 1706981411,
        "narHash": "sha256-cLbLPTL1CDmETVh4p0nQtvoF+FSEjsnJTFpTxhXywhQ=",
        "owner": "rycee",
        "repo": "home-manager",
        "rev": "652fda4ca6dafeb090943422c34ae9145787af37",
        "type": "github"
      },
      "original": {
        "owner": "rycee",
        "ref": "release-23.11",
        "repo": "home-manager",
        "type": "github"
      }
    },
    "home-manager_2": {
      "inputs": {
        "nixpkgs": "nixpkgs_10"
      },
      "locked": {
        "lastModified": 1701071203,
        "narHash": "sha256-lQywA7QU/vzTdZ1apI0PfgCWNyQobXUYghVrR5zuIeM=",
        "owner": "nix-community",
        "repo": "home-manager",
        "rev": "db1878f013b52ba5e4034db7c1b63e8d04173a86",
        "type": "github"
      },
      "original": {
        "owner": "nix-community",
        "repo": "home-manager",
        "type": "github"
      }
    },
    "hostsBlockList": {
      "flake": false,
      "locked": {
        "narHash": "sha256-lbRXu1/Z2ugfkqLVFxgkCX7XGYQPpAtLUN9rFcAvIe0=",
        "type": "file",
        "url": "https://raw.githubusercontent.com/StevenBlack/hosts/master/hosts"
      },
      "original": {
        "type": "file",
        "url": "https://raw.githubusercontent.com/StevenBlack/hosts/master/hosts"
      }
    },
    "hyprland": {
      "inputs": {
        "hyprland-protocols": "hyprland-protocols",
        "hyprlang": "hyprlang",
        "nixpkgs": "nixpkgs_3",
        "systems": "systems_4",
        "wlroots": "wlroots",
        "xdph": "xdph"
      },
      "locked": {
        "lastModified": 1709571920,
        "narHash": "sha256-6+l6B3HGm61qNW3krhnQT0nTD2pz2Yem02GwMcyanuM=",
        "owner": "hyprwm",
        "repo": "Hyprland",
        "rev": "07c7235b7245375802c767472d62b776458c221d",
        "type": "github"
      },
      "original": {
        "owner": "hyprwm",
        "repo": "Hyprland",
        "type": "github"
      }
    },
    "hyprland-protocols": {
      "inputs": {
        "nixpkgs": [
          "hyprland",
          "nixpkgs"
        ],
        "systems": [
          "hyprland",
          "systems"
        ]
      },
      "locked": {
        "lastModified": 1691753796,
        "narHash": "sha256-zOEwiWoXk3j3+EoF3ySUJmberFewWlagvewDRuWYAso=",
        "owner": "hyprwm",
        "repo": "hyprland-protocols",
        "rev": "0c2ce70625cb30aef199cb388f99e19a61a6ce03",
        "type": "github"
      },
      "original": {
        "owner": "hyprwm",
        "repo": "hyprland-protocols",
        "type": "github"
      }
    },
    "hyprland-protocols_2": {
      "inputs": {
        "nixpkgs": [
          "xremap-flake",
          "hyprland",
          "nixpkgs"
        ],
        "systems": [
          "xremap-flake",
          "hyprland",
          "systems"
        ]
      },
      "locked": {
        "lastModified": 1691753796,
        "narHash": "sha256-zOEwiWoXk3j3+EoF3ySUJmberFewWlagvewDRuWYAso=",
        "owner": "hyprwm",
        "repo": "hyprland-protocols",
        "rev": "0c2ce70625cb30aef199cb388f99e19a61a6ce03",
        "type": "github"
      },
      "original": {
        "owner": "hyprwm",
        "repo": "hyprland-protocols",
        "type": "github"
      }
    },
    "hyprland_2": {
      "inputs": {
        "hyprland-protocols": "hyprland-protocols_2",
        "nixpkgs": "nixpkgs_11",
        "systems": "systems_9",
        "wlroots": "wlroots_2",
        "xdph": "xdph_2"
      },
      "locked": {
        "lastModified": 1701370414,
        "narHash": "sha256-Q7A8BWWS1YndiNaAKM0IP73SGKJiQDfOdZAIdTLGNj8=",
        "owner": "hyprwm",
        "repo": "Hyprland",
        "rev": "b394c1695c05cf3b2133a473aa459d4cd750911b",
        "type": "github"
      },
      "original": {
        "owner": "hyprwm",
        "repo": "Hyprland",
        "type": "github"
      }
    },
    "hyprlang": {
      "inputs": {
        "nixpkgs": [
          "hyprland",
          "nixpkgs"
        ],
        "systems": [
          "hyprland",
          "systems"
        ]
      },
      "locked": {
        "lastModified": 1708787654,
        "narHash": "sha256-7ACgM3ZuAhPqurXHUvR2nWMRcnmzGGPjLK6q4DSTelI=",
        "owner": "hyprwm",
        "repo": "hyprlang",
        "rev": "0fce791ba2334aca183f2ed42399518947550d0d",
        "type": "github"
      },
      "original": {
        "owner": "hyprwm",
        "repo": "hyprlang",
        "type": "github"
      }
    },
    "kroki-src": {
      "flake": false,
      "locked": {
        "lastModified": 1675596325,
        "narHash": "sha256-wh/1pEmlMQNjOlCA25gq5bKEjb60Ei9JUoApsOBgSOc=",
        "owner": "yuzutech",
        "repo": "kroki-cli",
        "rev": "d923cdd8336257d0f19f2993c112853859f68607",
        "type": "github"
      },
      "original": {
        "owner": "yuzutech",
        "repo": "kroki-cli",
        "type": "github"
      }
    },
    "my-flake-modules": {
      "inputs": {
        "deploy-rs": [
          "deploy-rs"
        ],
        "devshell": [
          "devshell"
        ],
        "flake-parts": [
          "flake-parts"
        ],
        "nixpkgs": [
          "nixpkgs-unstable"
        ],
        "nixpkgs-lib": [
          "nixpkgs-lib"
        ],
        "nixpkgs-stable": [
          "nixpkgs-stable"
        ],
        "nixpkgs-unstable": [
          "nixpkgs-unstable"
        ],
        "pre-commit-hooks-nix": [
          "pre-commit-hooks-nix"
        ],
        "treefmt-nix": [
          "treefmt-nix"
        ]
      },
      "locked": {
        "lastModified": 1706807264,
        "narHash": "sha256-KzE95Yew5vrZ+Bc1/DX14jG8NSOB2nIPwQYtl1swobQ=",
        "owner": "VTimofeenko",
        "repo": "flake-modules",
        "rev": "29ffc14119948763689988d71e9709785bde48fc",
        "type": "github"
      },
      "original": {
        "owner": "VTimofeenko",
        "repo": "flake-modules",
        "type": "github"
      }
    },
    "naersk": {
      "inputs": {
        "nixpkgs": "nixpkgs_4"
      },
      "locked": {
        "lastModified": 1662220400,
        "narHash": "sha256-9o2OGQqu4xyLZP9K6kNe1pTHnyPz0Wr3raGYnr9AIgY=",
        "owner": "nix-community",
        "repo": "naersk",
        "rev": "6944160c19cb591eb85bbf9b2f2768a935623ed3",
        "type": "github"
      },
      "original": {
        "owner": "nix-community",
        "ref": "master",
        "repo": "naersk",
        "type": "github"
      }
    },
    "neovim-flake": {
      "inputs": {
        "flake-utils": "flake-utils_2",
        "nixpkgs": [
          "nvim-nightly",
          "nixpkgs"
        ]
      },
      "locked": {
        "dir": "contrib",
        "lastModified": 1709508789,
        "narHash": "sha256-sfSg3bsRryBClhHwb9Fi7cAPRxVRsyvdMsCdhep9Hlc=",
        "owner": "neovim",
        "repo": "neovim",
        "rev": "3df1211ebc4c7ec4562d0ad0fa51a24569b81e15",
        "type": "github"
      },
      "original": {
        "dir": "contrib",
        "owner": "neovim",
        "repo": "neovim",
        "type": "github"
      }
    },
    "nitrocli": {
      "inputs": {
        "naersk": "naersk",
        "nixpkgs": [
          "nixpkgs-unstable"
        ],
        "utils": "utils_2"
      },
      "locked": {
        "dir": "contrib/nix",
        "lastModified": 1705591803,
        "narHash": "sha256-kXo5iLTuI1kpHm+Z5qPrEbXBE5e+C5h7jdFMScmykCU=",
        "owner": "d-e-s-o",
        "repo": "nitrocli",
        "rev": "734195e51d6033004e35b573f6d143bc709ac314",
        "type": "github"
      },
      "original": {
        "dir": "contrib/nix",
        "owner": "d-e-s-o",
        "repo": "nitrocli",
        "type": "github"
      }
    },
    "nixos-hardware": {
      "locked": {
        "lastModified": 1709410583,
        "narHash": "sha256-esOSUoQ7mblwcsSea0K17McZuwAIjoS6dq/4b83+lvw=",
        "owner": "NixOS",
        "repo": "nixos-hardware",
        "rev": "59e37017b9ed31dee303dbbd4531c594df95cfbc",
        "type": "github"
      },
      "original": {
        "owner": "NixOS",
        "ref": "master",
        "repo": "nixos-hardware",
        "type": "github"
      }
    },
    "nixpkgs": {
      "locked": {
        "lastModified": 1702272962,
        "narHash": "sha256-D+zHwkwPc6oYQ4G3A1HuadopqRwUY/JkMwHz1YF7j4Q=",
        "owner": "NixOS",
        "repo": "nixpkgs",
        "rev": "e97b3e4186bcadf0ef1b6be22b8558eab1cdeb5d",
        "type": "github"
      },
      "original": {
        "owner": "NixOS",
        "ref": "nixpkgs-unstable",
        "repo": "nixpkgs",
        "type": "github"
      }
    },
    "nixpkgs-lib": {
      "locked": {
        "dir": "lib",
        "lastModified": 1709237383,
        "narHash": "sha256-cy6ArO4k5qTx+l5o+0mL9f5fa86tYUX3ozE1S+Txlds=",
        "owner": "NixOS",
        "repo": "nixpkgs",
        "rev": "1536926ef5621b09bba54035ae2bb6d806d72ac8",
        "type": "github"
      },
      "original": {
        "dir": "lib",
        "owner": "NixOS",
        "ref": "nixos-unstable",
        "repo": "nixpkgs",
        "type": "github"
      }
    },
    "nixpkgs-lib_2": {
      "locked": {
        "dir": "lib",
        "lastModified": 1698611440,
        "narHash": "sha256-jPjHjrerhYDy3q9+s5EAsuhyhuknNfowY6yt6pjn9pc=",
        "owner": "NixOS",
        "repo": "nixpkgs",
        "rev": "0cbe9f69c234a7700596e943bfae7ef27a31b735",
        "type": "github"
      },
      "original": {
        "dir": "lib",
        "owner": "NixOS",
        "ref": "nixos-unstable",
        "repo": "nixpkgs",
        "type": "github"
      }
    },
    "nixpkgs-stable": {
      "locked": {
        "lastModified": 1709386671,
        "narHash": "sha256-VPqfBnIJ+cfa78pd4Y5Cr6sOWVW8GYHRVucxJGmRf8Q=",
        "owner": "NixOS",
        "repo": "nixpkgs",
        "rev": "fa9a51752f1b5de583ad5213eb621be071806663",
        "type": "github"
      },
      "original": {
        "id": "nixpkgs",
        "type": "indirect"
      }
    },
    "nixpkgs-unstable": {
      "locked": {
        "lastModified": 1709237383,
        "narHash": "sha256-cy6ArO4k5qTx+l5o+0mL9f5fa86tYUX3ozE1S+Txlds=",
        "owner": "NixOS",
        "repo": "nixpkgs",
        "rev": "1536926ef5621b09bba54035ae2bb6d806d72ac8",
        "type": "github"
      },
      "original": {
        "id": "nixpkgs",
        "ref": "nixos-unstable",
        "type": "indirect"
      }
    },
    "nixpkgs_10": {
      "locked": {
        "lastModified": 1700794826,
        "narHash": "sha256-RyJTnTNKhO0yqRpDISk03I/4A67/dp96YRxc86YOPgU=",
        "owner": "NixOS",
        "repo": "nixpkgs",
        "rev": "5a09cb4b393d58f9ed0d9ca1555016a8543c2ac8",
        "type": "github"
      },
      "original": {
        "owner": "NixOS",
        "ref": "nixos-unstable",
        "repo": "nixpkgs",
        "type": "github"
      }
    },
    "nixpkgs_11": {
      "locked": {
        "lastModified": 1700612854,
        "narHash": "sha256-yrQ8osMD+vDLGFX7pcwsY/Qr5PUd6OmDMYJZzZi0+zc=",
        "owner": "NixOS",
        "repo": "nixpkgs",
        "rev": "19cbff58383a4ae384dea4d1d0c823d72b49d614",
        "type": "github"
      },
      "original": {
        "owner": "NixOS",
        "ref": "nixos-unstable",
        "repo": "nixpkgs",
        "type": "github"
      }
    },
    "nixpkgs_12": {
      "locked": {
        "lastModified": 1701336116,
        "narHash": "sha256-kEmpezCR/FpITc6yMbAh4WrOCiT2zg5pSjnKrq51h5Y=",
        "owner": "NixOS",
        "repo": "nixpkgs",
        "rev": "f5c27c6136db4d76c30e533c20517df6864c46ee",
        "type": "github"
      },
      "original": {
        "owner": "NixOS",
        "ref": "nixpkgs-unstable",
        "repo": "nixpkgs",
        "type": "github"
      }
    },
    "nixpkgs_2": {
      "locked": {
        "lastModified": 1705331948,
        "narHash": "sha256-qjQXfvrAT1/RKDFAMdl8Hw3m4tLVvMCc8fMqzJv0pP4=",
        "owner": "NixOS",
        "repo": "nixpkgs",
        "rev": "b8dd8be3c790215716e7c12b247f45ca525867e2",
        "type": "github"
      },
      "original": {
        "owner": "NixOS",
        "ref": "nixos-23.11",
        "repo": "nixpkgs",
        "type": "github"
      }
    },
    "nixpkgs_3": {
      "locked": {
        "lastModified": 1708807242,
        "narHash": "sha256-sRTRkhMD4delO/hPxxi+XwLqPn8BuUq6nnj4JqLwOu0=",
        "owner": "NixOS",
        "repo": "nixpkgs",
        "rev": "73de017ef2d18a04ac4bfd0c02650007ccb31c2a",
        "type": "github"
      },
      "original": {
        "owner": "NixOS",
        "ref": "nixos-unstable",
        "repo": "nixpkgs",
        "type": "github"
      }
    },
    "nixpkgs_4": {
      "locked": {
        "lastModified": 1663264531,
        "narHash": "sha256-2ncO5chPXlTxaebDlhx7MhL0gOEIWxzSyfsl0r0hxQk=",
        "owner": "NixOS",
        "repo": "nixpkgs",
        "rev": "454887a35de6317a30be284e8adc2d2f6d8a07c4",
        "type": "github"
      },
      "original": {
        "id": "nixpkgs",
        "type": "indirect"
      }
    },
    "nixpkgs_5": {
      "locked": {
        "lastModified": 1709309926,
        "narHash": "sha256-VZFBtXGVD9LWTecGi6eXrE0hJ/mVB3zGUlHImUs2Qak=",
        "owner": "NixOS",
        "repo": "nixpkgs",
        "rev": "79baff8812a0d68e24a836df0a364c678089e2c7",
        "type": "github"
      },
      "original": {
        "id": "nixpkgs",
        "ref": "nixos-23.11",
        "type": "indirect"
      }
    },
    "nixpkgs_6": {
      "locked": {
        "lastModified": 1709386671,
        "narHash": "sha256-VPqfBnIJ+cfa78pd4Y5Cr6sOWVW8GYHRVucxJGmRf8Q=",
        "owner": "NixOS",
        "repo": "nixpkgs",
        "rev": "fa9a51752f1b5de583ad5213eb621be071806663",
        "type": "github"
      },
      "original": {
        "owner": "NixOS",
        "ref": "nixpkgs-unstable",
        "repo": "nixpkgs",
        "type": "github"
      }
    },
    "nixpkgs_7": {
      "locked": {
        "lastModified": 1685290091,
        "narHash": "sha256-GGQYNZ7POoqPTtXgPOLUuSiHkOKFRWYpCoWUOSeSRoU=",
        "owner": "NixOS",
        "repo": "nixpkgs",
        "rev": "4e37b4e55b60fb7d43d2b62deb51032a489bcbe8",
        "type": "github"
      },
      "original": {
        "owner": "NixOS",
        "ref": "nixos-unstable",
        "repo": "nixpkgs",
        "type": "github"
      }
    },
    "nixpkgs_8": {
      "locked": {
        "lastModified": 1685377167,
        "narHash": "sha256-JK0lCFldX/1LaIFjoGtvDjJJDykqyFd+dHVUoDsgr4c=",
        "owner": "NixOS",
        "repo": "nixpkgs",
        "rev": "574100ab789d682d5ec194c819569c35ddc7a475",
        "type": "github"
      },
      "original": {
        "owner": "NixOS",
        "repo": "nixpkgs",
        "type": "github"
      }
    },
    "nixpkgs_9": {
      "locked": {
        "lastModified": 1677383253,
        "narHash": "sha256-UfpzWfSxkfXHnb4boXZNaKsAcUrZT9Hw+tao1oZxd08=",
        "owner": "NixOS",
        "repo": "nixpkgs",
        "rev": "9952d6bc395f5841262b006fbace8dd7e143b634",
        "type": "github"
      },
      "original": {
        "owner": "NixOS",
        "ref": "nixpkgs-unstable",
        "repo": "nixpkgs",
        "type": "github"
      }
    },
    "nur": {
      "locked": {
        "lastModified": 1709576676,
        "narHash": "sha256-/WFpPsnW8F0Fm0XkTEQb/htHJUEtw9dRaFcRjWqRUgQ=",
        "owner": "nix-community",
        "repo": "NUR",
        "rev": "d90fe3f06e6521c01b496b47abb21832f7af7a38",
        "type": "github"
      },
      "original": {
        "owner": "nix-community",
        "repo": "NUR",
        "type": "github"
      }
    },
    "nvim-nightly": {
      "inputs": {
        "flake-compat": "flake-compat_2",
        "flake-parts": "flake-parts_2",
        "hercules-ci-effects": "hercules-ci-effects",
        "neovim-flake": "neovim-flake",
        "nixpkgs": "nixpkgs_6"
      },
      "locked": {
        "lastModified": 1709512572,
        "narHash": "sha256-8w8sIncwZd4xvDs+lAPNK2KZasQhL6lw3QCGFhREELI=",
        "owner": "nix-community",
        "repo": "neovim-nightly-overlay",
        "rev": "e0a344407ddf9b4d2b1e2e78725efbd68d724cef",
        "type": "github"
      },
      "original": {
        "owner": "nix-community",
        "repo": "neovim-nightly-overlay",
        "type": "github"
      }
    },
    "poetry2nix": {
      "inputs": {
        "flake-utils": "flake-utils_4",
        "nixpkgs": "nixpkgs_8"
      },
      "locked": {
        "lastModified": 1685057602,
        "narHash": "sha256-9C2Zh1MOyu6hkyYhZOanwZ0utHxFMx2HS23OIjszYu0=",
        "owner": "nix-community",
        "repo": "poetry2nix",
        "rev": "6ad5ea833729b1c794f2b3ccb73f2413b80f4bb4",
        "type": "github"
      },
      "original": {
        "owner": "nix-community",
        "repo": "poetry2nix",
        "type": "github"
      }
    },
    "pre-commit-hooks-nix": {
      "inputs": {
        "flake-compat": "flake-compat_3",
        "flake-utils": "flake-utils_3",
        "gitignore": "gitignore",
        "nixpkgs": [
          "nixpkgs-unstable"
        ],
        "nixpkgs-stable": [
          "nixpkgs"
        ]
      },
      "locked": {
        "lastModified": 1708018599,
        "narHash": "sha256-M+Ng6+SePmA8g06CmUZWi1AjG2tFBX9WCXElBHEKnyM=",
        "owner": "cachix",
        "repo": "pre-commit-hooks.nix",
        "rev": "5df5a70ad7575f6601d91f0efec95dd9bc619431",
        "type": "github"
      },
      "original": {
        "owner": "cachix",
        "repo": "pre-commit-hooks.nix",
        "type": "github"
      }
    },
    "pyprland": {
      "inputs": {
        "devshell": [
          "devshell"
        ],
        "flake-parts": [
          "flake-parts"
        ],
        "nixpkgs": "nixpkgs_7",
        "poetry2nix": "poetry2nix"
      },
      "locked": {
        "lastModified": 1685403640,
        "narHash": "sha256-hexshzsnuYr6SjNjyZ/DUHcRZHqXt1w04+/YOn7VSo4=",
        "owner": "VTimofeenko",
        "repo": "pyprland",
        "rev": "d9fa7d19d466d8e7e829c437e6acc7c68f5b9e62",
        "type": "github"
      },
      "original": {
        "owner": "VTimofeenko",
        "ref": "nix",
        "repo": "pyprland",
        "type": "github"
      }
    },
    "root": {
      "inputs": {
        "agenix": "agenix",
        "base16": "base16",
        "color_scheme": "color_scheme",
        "crane": "crane",
        "data-flake": "data-flake",
        "deploy-rs": "deploy-rs",
        "devshell": "devshell",
        "disko": "disko",
        "docspell-flake": "docspell-flake",
        "flake-parts": "flake-parts",
        "home-manager": "home-manager",
        "hostsBlockList": "hostsBlockList",
        "hyprland": "hyprland",
        "kroki-src": "kroki-src",
        "my-flake-modules": "my-flake-modules",
        "nitrocli": "nitrocli",
        "nixos-hardware": "nixos-hardware",
        "nixpkgs": "nixpkgs_5",
        "nixpkgs-lib": "nixpkgs-lib",
        "nixpkgs-stable": "nixpkgs-stable",
        "nixpkgs-unstable": "nixpkgs-unstable",
        "nur": "nur",
        "nvim-nightly": "nvim-nightly",
        "pre-commit-hooks-nix": "pre-commit-hooks-nix",
        "pyprland": "pyprland",
        "stub-flake": "stub-flake",
        "treefmt-nix": "treefmt-nix",
        "vim-scratch-plugin": "vim-scratch-plugin",
        "xremap-flake": "xremap-flake"
      }
    },
    "stub-flake": {
      "locked": {
        "lastModified": 1677781423,
        "narHash": "sha256-5hb6uwA0qAVX1eecvREfcNE/2GYOLX46DESkdDGTQ5M=",
        "owner": "VTimofeenko",
        "repo": "stub-flake",
        "rev": "3e1fa12a63d4732caf8d6a5b7d25a2b8230bdcc6",
        "type": "github"
      },
      "original": {
        "owner": "VTimofeenko",
        "repo": "stub-flake",
        "type": "github"
      }
    },
    "systems": {
      "locked": {
        "lastModified": 1681028828,
        "narHash": "sha256-Vy1rq5AaRuLzOxct8nz4T6wlgyUR7zLU309k9mBC768=",
        "owner": "nix-systems",
        "repo": "default",
        "rev": "da67096a3b9bf56a91d16901293e51ba5b49a27e",
        "type": "github"
      },
      "original": {
        "owner": "nix-systems",
        "repo": "default",
        "type": "github"
      }
    },
    "systems_2": {
      "locked": {
        "lastModified": 1681028828,
        "narHash": "sha256-Vy1rq5AaRuLzOxct8nz4T6wlgyUR7zLU309k9mBC768=",
        "owner": "nix-systems",
        "repo": "default",
        "rev": "da67096a3b9bf56a91d16901293e51ba5b49a27e",
        "type": "github"
      },
      "original": {
        "owner": "nix-systems",
        "repo": "default",
        "type": "github"
      }
    },
    "systems_3": {
      "locked": {
        "lastModified": 1681028828,
        "narHash": "sha256-Vy1rq5AaRuLzOxct8nz4T6wlgyUR7zLU309k9mBC768=",
        "owner": "nix-systems",
        "repo": "default",
        "rev": "da67096a3b9bf56a91d16901293e51ba5b49a27e",
        "type": "github"
      },
      "original": {
        "owner": "nix-systems",
        "repo": "default",
        "type": "github"
      }
    },
    "systems_4": {
      "locked": {
        "lastModified": 1689347949,
        "narHash": "sha256-12tWmuL2zgBgZkdoB6qXZsgJEH9LR3oUgpaQq2RbI80=",
        "owner": "nix-systems",
        "repo": "default-linux",
        "rev": "31732fcf5e8fea42e59c2488ad31a0e651500f68",
        "type": "github"
      },
      "original": {
        "owner": "nix-systems",
        "repo": "default-linux",
        "type": "github"
      }
    },
    "systems_5": {
      "locked": {
        "lastModified": 1681028828,
        "narHash": "sha256-Vy1rq5AaRuLzOxct8nz4T6wlgyUR7zLU309k9mBC768=",
        "owner": "nix-systems",
        "repo": "default",
        "rev": "da67096a3b9bf56a91d16901293e51ba5b49a27e",
        "type": "github"
      },
      "original": {
        "owner": "nix-systems",
        "repo": "default",
        "type": "github"
      }
    },
    "systems_6": {
      "locked": {
        "lastModified": 1681028828,
        "narHash": "sha256-Vy1rq5AaRuLzOxct8nz4T6wlgyUR7zLU309k9mBC768=",
        "owner": "nix-systems",
        "repo": "default",
        "rev": "da67096a3b9bf56a91d16901293e51ba5b49a27e",
        "type": "github"
      },
      "original": {
        "owner": "nix-systems",
        "repo": "default",
        "type": "github"
      }
    },
    "systems_7": {
      "locked": {
        "lastModified": 1681028828,
        "narHash": "sha256-Vy1rq5AaRuLzOxct8nz4T6wlgyUR7zLU309k9mBC768=",
        "owner": "nix-systems",
        "repo": "default",
        "rev": "da67096a3b9bf56a91d16901293e51ba5b49a27e",
        "type": "github"
      },
      "original": {
        "owner": "nix-systems",
        "repo": "default",
        "type": "github"
      }
    },
    "systems_8": {
      "locked": {
        "lastModified": 1681028828,
        "narHash": "sha256-Vy1rq5AaRuLzOxct8nz4T6wlgyUR7zLU309k9mBC768=",
        "owner": "nix-systems",
        "repo": "default",
        "rev": "da67096a3b9bf56a91d16901293e51ba5b49a27e",
        "type": "github"
      },
      "original": {
        "owner": "nix-systems",
        "repo": "default",
        "type": "github"
      }
    },
    "systems_9": {
      "locked": {
        "lastModified": 1689347949,
        "narHash": "sha256-12tWmuL2zgBgZkdoB6qXZsgJEH9LR3oUgpaQq2RbI80=",
        "owner": "nix-systems",
        "repo": "default-linux",
        "rev": "31732fcf5e8fea42e59c2488ad31a0e651500f68",
        "type": "github"
      },
      "original": {
        "owner": "nix-systems",
        "repo": "default-linux",
        "type": "github"
      }
    },
    "treefmt-nix": {
      "inputs": {
        "nixpkgs": [
          "nixpkgs-unstable"
        ]
      },
      "locked": {
        "lastModified": 1709546977,
        "narHash": "sha256-R0bi8zAWt1s1q7lSvwiFI8+kEL29rm4WtYTqPgjlEBs=",
        "owner": "numtide",
        "repo": "treefmt-nix",
        "rev": "e7a277c5d12bf570efa2427d9cfdb760b9a0512f",
        "type": "github"
      },
      "original": {
        "owner": "numtide",
        "repo": "treefmt-nix",
        "type": "github"
      }
    },
    "utils": {
      "inputs": {
        "systems": "systems_2"
      },
      "locked": {
        "lastModified": 1701680307,
        "narHash": "sha256-kAuep2h5ajznlPMD9rnQyffWG8EM/C73lejGofXvdM8=",
        "owner": "numtide",
        "repo": "flake-utils",
        "rev": "4022d587cbbfd70fe950c1e2083a02621806a725",
        "type": "github"
      },
      "original": {
        "owner": "numtide",
        "repo": "flake-utils",
        "type": "github"
      }
    },
    "utils_2": {
      "locked": {
        "lastModified": 1659877975,
        "narHash": "sha256-zllb8aq3YO3h8B/U0/J1WBgAL8EX5yWf5pMj3G0NAmc=",
        "owner": "numtide",
        "repo": "flake-utils",
        "rev": "c0e246b9b83f637f4681389ecabcb2681b4f3af0",
        "type": "github"
      },
      "original": {
        "owner": "numtide",
        "repo": "flake-utils",
        "type": "github"
      }
    },
    "vim-scratch-plugin": {
      "flake": false,
      "locked": {
        "lastModified": 1620018304,
        "narHash": "sha256-P8SuMZKckMu+9AUI89X8+ymJvJhlsbT7UR7XjnWwwz8=",
        "owner": "mtth",
        "repo": "scratch.vim",
        "rev": "adf826b1ac067cdb4168cb6066431cff3a2d37a3",
        "type": "github"
      },
      "original": {
        "owner": "mtth",
        "repo": "scratch.vim",
        "type": "github"
      }
    },
    "wg-namespace-flake": {
      "inputs": {
        "nixpkgs": [
          "data-flake",
          "nixpkgs"
        ]
      },
      "locked": {
        "lastModified": 1668060489,
        "narHash": "sha256-8GLPHJV0iMS8d4lEUP+v4p2IqRKGWDJwsP96+mm0fHw=",
        "ref": "refs/heads/master",
        "rev": "956d80aae5f7871bdcfa3946c175985c211d8498",
        "revCount": 12,
        "type": "git",
        "url": "ssh://gitea@gitea.srv.vtimofeenko.com/spacecadet/wireguard-namespace-flake.git"
      },
      "original": {
        "type": "git",
        "url": "ssh://gitea@gitea.srv.vtimofeenko.com/spacecadet/wireguard-namespace-flake.git"
      }
    },
    "wlroots": {
      "flake": false,
      "locked": {
        "host": "gitlab.freedesktop.org",
        "lastModified": 1708558866,
        "narHash": "sha256-Mz6hCtommq7RQfcPnxLINigO4RYSNt23HeJHC6mVmWI=",
        "owner": "wlroots",
        "repo": "wlroots",
        "rev": "0cb091f1a2d345f37d2ee445f4ffd04f7f4ec9e5",
        "type": "gitlab"
      },
      "original": {
        "host": "gitlab.freedesktop.org",
        "owner": "wlroots",
        "repo": "wlroots",
        "rev": "0cb091f1a2d345f37d2ee445f4ffd04f7f4ec9e5",
        "type": "gitlab"
      }
    },
    "wlroots_2": {
      "flake": false,
      "locked": {
        "host": "gitlab.freedesktop.org",
        "lastModified": 1701368958,
        "narHash": "sha256-7kvyoA91etzVEl9mkA/EJfB6z/PltxX7Xc4gcr7/xlo=",
        "owner": "wlroots",
        "repo": "wlroots",
        "rev": "5d639394f3e83b01596dcd166a44a9a1a2583350",
        "type": "gitlab"
      },
      "original": {
        "host": "gitlab.freedesktop.org",
        "owner": "wlroots",
        "repo": "wlroots",
        "rev": "5d639394f3e83b01596dcd166a44a9a1a2583350",
        "type": "gitlab"
      }
    },
    "xdph": {
      "inputs": {
        "hyprland-protocols": [
          "hyprland",
          "hyprland-protocols"
        ],
        "hyprlang": [
          "hyprland",
          "hyprlang"
        ],
        "nixpkgs": [
          "hyprland",
          "nixpkgs"
        ],
        "systems": [
          "hyprland",
          "systems"
        ]
      },
      "locked": {
        "lastModified": 1708696469,
        "narHash": "sha256-shh5wmpeYy3MmsBfkm4f76yPsBDGk6OLYRVG+ARy2F0=",
        "owner": "hyprwm",
        "repo": "xdg-desktop-portal-hyprland",
        "rev": "1b713911c2f12b96c2574474686e4027ac4bf826",
        "type": "github"
      },
      "original": {
        "owner": "hyprwm",
        "repo": "xdg-desktop-portal-hyprland",
        "type": "github"
      }
    },
    "xdph_2": {
      "inputs": {
        "hyprland-protocols": [
          "xremap-flake",
          "hyprland",
          "hyprland-protocols"
        ],
        "nixpkgs": [
          "xremap-flake",
          "hyprland",
          "nixpkgs"
        ],
        "systems": [
          "xremap-flake",
          "hyprland",
          "systems"
        ]
      },
      "locked": {
        "lastModified": 1700508250,
        "narHash": "sha256-X4o/mifI7Nhu0UKYlxx53wIC+gYDo3pVM9L2u3PE2bE=",
        "owner": "hyprwm",
        "repo": "xdg-desktop-portal-hyprland",
        "rev": "eb120ff25265ecacd0fc13d7dab12131b60d0f47",
        "type": "github"
      },
      "original": {
        "owner": "hyprwm",
        "repo": "xdg-desktop-portal-hyprland",
        "type": "github"
      }
    },
    "xremap": {
      "flake": false,
      "locked": {
        "lastModified": 1704342045,
        "narHash": "sha256-hErjvNZNjsWNeeRVPdEfOQxJPtJCDLvCm8V7SHzXHws=",
        "owner": "k0kubun",
        "repo": "xremap",
        "rev": "fa6290e2ace4583c65565e81cbd24954cc657e92",
        "type": "github"
      },
      "original": {
        "owner": "k0kubun",
        "ref": "v0.8.13",
        "repo": "xremap",
        "type": "github"
      }
    },
    "xremap-flake": {
      "inputs": {
        "crane": "crane_2",
        "devshell": "devshell_2",
        "flake-parts": "flake-parts_4",
        "home-manager": "home-manager_2",
        "hyprland": "hyprland_2",
        "nixpkgs": "nixpkgs_12",
        "xremap": "xremap"
      },
      "locked": {
        "lastModified": 1709174954,
        "narHash": "sha256-zDOC1zhdprASTCT7Wl6yBhvlR4GnLmNnmi13GSXAZSo=",
        "owner": "xremap",
        "repo": "nix-flake",
        "rev": "a064ca61a03ed495881b46eb6753d4198cfbfcf6",
        "type": "github"
      },
      "original": {
        "owner": "xremap",
        "repo": "nix-flake",
        "type": "github"
      }
    }
  },
  "root": "root",
  "version": 7
}
