{
  "nodes": {
    "nixpkgs": {
      "locked": {
        "lastModified": 1773520392,
        "narHash": "sha256-Ra3l8zI7AYwaCxXcU4An8jAC1hhz/TEleXboJhWaBwY=",
        "owner": "NixOS",
        "repo": "nixpkgs",
        "rev": "f59e980846fe86cd831899cd032fdbd1d6054086",
        "type": "github"
      },
      "original": {
        "owner": "NixOS",
        "ref": "nixos-unstable",
        "repo": "nixpkgs",
        "type": "github"
      }
    },
    "nixpkgs_2": {
      "locked": {
        "lastModified": 1773520392,
        "narHash": "sha256-Ra3l8zI7AYwaCxXcU4An8jAC1hhz/TEleXboJhWaBwY=",
        "owner": "NixOS",
        "repo": "nixpkgs",
        "rev": "f59e980846fe86cd831899cd032fdbd1d6054086",
        "type": "github"
      },
      "original": {
        "owner": "NixOS",
        "ref": "nixos-unstable",
        "repo": "nixpkgs",
        "type": "github"
      }
    },
    "root": {
      "inputs": {
        "nixpkgs": "nixpkgs",
        "test-private-modules": "test-private-modules"
      }
    },
    "test-private-modules": {
      "inputs": {
        "nixpkgs": "nixpkgs_2"
      },
      "locked": {
        "path": "../test-private-modules",
        "type": "path"
      },
      "original": {
        "path": "../test-private-modules",
        "type": "path"
      },
      "parent": []
    }
  },
  "root": "root",
  "version": 7
}
